// !$*UTF8*$!
{
	archiveVersion = 1;
	classes = {
	};
	objectVersion = 50;
	objects = {

/* Begin PBXBuildFile section */
		026876BF260AEB380033CF99 /* PokemonListViewModel.swift in Sources */ = {isa = PBXBuildFile; fileRef = 026876BE260AEB380033CF99 /* PokemonListViewModel.swift */; };
		02C2B99840F26121FBF59C68 /* Pods_LetsGoPikachuHelper_LetsGoPikachuHelperUITests.framework in Frameworks */ = {isa = PBXBuildFile; fileRef = A12B7D72B4E9C3994DC60C13 /* Pods_LetsGoPikachuHelper_LetsGoPikachuHelperUITests.framework */; };
		02FCD7D92607EB370008D900 /* LetsGoPikachuHelperApp.swift in Sources */ = {isa = PBXBuildFile; fileRef = 02FCD7D82607EB370008D900 /* LetsGoPikachuHelperApp.swift */; };
		02FCD7DB2607EB370008D900 /* PokemonGridView.swift in Sources */ = {isa = PBXBuildFile; fileRef = 02FCD7DA2607EB370008D900 /* PokemonGridView.swift */; };
		02FCD7DD2607EB380008D900 /* Assets.xcassets in Resources */ = {isa = PBXBuildFile; fileRef = 02FCD7DC2607EB380008D900 /* Assets.xcassets */; };
		02FCD7E02607EB380008D900 /* Preview Assets.xcassets in Resources */ = {isa = PBXBuildFile; fileRef = 02FCD7DF2607EB380008D900 /* Preview Assets.xcassets */; };
		02FCD7EB2607EB380008D900 /* LetsGoPikachuHelperTests.swift in Sources */ = {isa = PBXBuildFile; fileRef = 02FCD7EA2607EB380008D900 /* LetsGoPikachuHelperTests.swift */; };
		02FCD7F62607EB380008D900 /* LetsGoPikachuHelperUITests.swift in Sources */ = {isa = PBXBuildFile; fileRef = 02FCD7F52607EB380008D900 /* LetsGoPikachuHelperUITests.swift */; };
		02FCD81A260805E40008D900 /* Array+Safe.swift in Sources */ = {isa = PBXBuildFile; fileRef = 02FCD819260805E40008D900 /* Array+Safe.swift */; };
		02FCD824260806020008D900 /* PokemonType.swift in Sources */ = {isa = PBXBuildFile; fileRef = 02FCD81F260806020008D900 /* PokemonType.swift */; };
		02FCD825260806020008D900 /* PokemonSpeaker.swift in Sources */ = {isa = PBXBuildFile; fileRef = 02FCD820260806020008D900 /* PokemonSpeaker.swift */; };
		02FCD826260806020008D900 /* BattleAdvice.swift in Sources */ = {isa = PBXBuildFile; fileRef = 02FCD821260806020008D900 /* BattleAdvice.swift */; };
		02FCD827260806020008D900 /* Pokemon.swift in Sources */ = {isa = PBXBuildFile; fileRef = 02FCD822260806020008D900 /* Pokemon.swift */; };
		02FCD828260806020008D900 /* PokemonBattleAdvisor.swift in Sources */ = {isa = PBXBuildFile; fileRef = 02FCD823260806020008D900 /* PokemonBattleAdvisor.swift */; };
		02FCD8312608089E0008D900 /* PokemonDetailView.swift in Sources */ = {isa = PBXBuildFile; fileRef = 02FCD8302608089E0008D900 /* PokemonDetailView.swift */; };
		2EB6B2A125F37DBAD9648BE3 /* Pods_LetsGoPikachuHelperTests.framework in Frameworks */ = {isa = PBXBuildFile; fileRef = 808E1E93979EB635B8F9F4C5 /* Pods_LetsGoPikachuHelperTests.framework */; };
		44434CEC6F4F1D61969FD7F4 /* Pods_LetsGoPikachuHelper.framework in Frameworks */ = {isa = PBXBuildFile; fileRef = B464C24E89012A4FAD62C57B /* Pods_LetsGoPikachuHelper.framework */; };
/* End PBXBuildFile section */

/* Begin PBXContainerItemProxy section */
		02FCD7E72607EB380008D900 /* PBXContainerItemProxy */ = {
			isa = PBXContainerItemProxy;
			containerPortal = 02FCD7CD2607EB370008D900 /* Project object */;
			proxyType = 1;
			remoteGlobalIDString = 02FCD7D42607EB370008D900;
			remoteInfo = LetsGoPikachuHelper;
		};
		02FCD7F22607EB380008D900 /* PBXContainerItemProxy */ = {
			isa = PBXContainerItemProxy;
			containerPortal = 02FCD7CD2607EB370008D900 /* Project object */;
			proxyType = 1;
			remoteGlobalIDString = 02FCD7D42607EB370008D900;
			remoteInfo = LetsGoPikachuHelper;
		};
/* End PBXContainerItemProxy section */

/* Begin PBXFileReference section */
		026876BE260AEB380033CF99 /* PokemonListViewModel.swift */ = {isa = PBXFileReference; lastKnownFileType = sourcecode.swift; path = PokemonListViewModel.swift; sourceTree = "<group>"; };
		02FCD7D52607EB370008D900 /* LetsGoPikachuHelper.app */ = {isa = PBXFileReference; explicitFileType = wrapper.application; includeInIndex = 0; path = LetsGoPikachuHelper.app; sourceTree = BUILT_PRODUCTS_DIR; };
		02FCD7D82607EB370008D900 /* LetsGoPikachuHelperApp.swift */ = {isa = PBXFileReference; lastKnownFileType = sourcecode.swift; path = LetsGoPikachuHelperApp.swift; sourceTree = "<group>"; };
		02FCD7DA2607EB370008D900 /* PokemonGridView.swift */ = {isa = PBXFileReference; lastKnownFileType = sourcecode.swift; path = PokemonGridView.swift; sourceTree = "<group>"; };
		02FCD7DC2607EB380008D900 /* Assets.xcassets */ = {isa = PBXFileReference; lastKnownFileType = folder.assetcatalog; path = Assets.xcassets; sourceTree = "<group>"; };
		02FCD7DF2607EB380008D900 /* Preview Assets.xcassets */ = {isa = PBXFileReference; lastKnownFileType = folder.assetcatalog; path = "Preview Assets.xcassets"; sourceTree = "<group>"; };
		02FCD7E12607EB380008D900 /* Info.plist */ = {isa = PBXFileReference; lastKnownFileType = text.plist.xml; path = Info.plist; sourceTree = "<group>"; };
		02FCD7E62607EB380008D900 /* LetsGoPikachuHelperTests.xctest */ = {isa = PBXFileReference; explicitFileType = wrapper.cfbundle; includeInIndex = 0; path = LetsGoPikachuHelperTests.xctest; sourceTree = BUILT_PRODUCTS_DIR; };
		02FCD7EA2607EB380008D900 /* LetsGoPikachuHelperTests.swift */ = {isa = PBXFileReference; lastKnownFileType = sourcecode.swift; path = LetsGoPikachuHelperTests.swift; sourceTree = "<group>"; };
		02FCD7EC2607EB380008D900 /* Info.plist */ = {isa = PBXFileReference; lastKnownFileType = text.plist.xml; path = Info.plist; sourceTree = "<group>"; };
		02FCD7F12607EB380008D900 /* LetsGoPikachuHelperUITests.xctest */ = {isa = PBXFileReference; explicitFileType = wrapper.cfbundle; includeInIndex = 0; path = LetsGoPikachuHelperUITests.xctest; sourceTree = BUILT_PRODUCTS_DIR; };
		02FCD7F52607EB380008D900 /* LetsGoPikachuHelperUITests.swift */ = {isa = PBXFileReference; lastKnownFileType = sourcecode.swift; path = LetsGoPikachuHelperUITests.swift; sourceTree = "<group>"; };
		02FCD7F72607EB380008D900 /* Info.plist */ = {isa = PBXFileReference; lastKnownFileType = text.plist.xml; path = Info.plist; sourceTree = "<group>"; };
		02FCD819260805E40008D900 /* Array+Safe.swift */ = {isa = PBXFileReference; fileEncoding = 4; lastKnownFileType = sourcecode.swift; path = "Array+Safe.swift"; sourceTree = "<group>"; };
		02FCD81F260806020008D900 /* PokemonType.swift */ = {isa = PBXFileReference; fileEncoding = 4; lastKnownFileType = sourcecode.swift; path = PokemonType.swift; sourceTree = "<group>"; };
		02FCD820260806020008D900 /* PokemonSpeaker.swift */ = {isa = PBXFileReference; fileEncoding = 4; lastKnownFileType = sourcecode.swift; path = PokemonSpeaker.swift; sourceTree = "<group>"; };
		02FCD821260806020008D900 /* BattleAdvice.swift */ = {isa = PBXFileReference; fileEncoding = 4; lastKnownFileType = sourcecode.swift; path = BattleAdvice.swift; sourceTree = "<group>"; };
		02FCD822260806020008D900 /* Pokemon.swift */ = {isa = PBXFileReference; fileEncoding = 4; lastKnownFileType = sourcecode.swift; path = Pokemon.swift; sourceTree = "<group>"; };
		02FCD823260806020008D900 /* PokemonBattleAdvisor.swift */ = {isa = PBXFileReference; fileEncoding = 4; lastKnownFileType = sourcecode.swift; path = PokemonBattleAdvisor.swift; sourceTree = "<group>"; };
		02FCD8302608089E0008D900 /* PokemonDetailView.swift */ = {isa = PBXFileReference; lastKnownFileType = sourcecode.swift; path = PokemonDetailView.swift; sourceTree = "<group>"; };
		4371926AD447EC21CDBE00F7 /* Pods-LetsGoPikachuHelperTests.debug.xcconfig */ = {isa = PBXFileReference; includeInIndex = 1; lastKnownFileType = text.xcconfig; name = "Pods-LetsGoPikachuHelperTests.debug.xcconfig"; path = "Target Support Files/Pods-LetsGoPikachuHelperTests/Pods-LetsGoPikachuHelperTests.debug.xcconfig"; sourceTree = "<group>"; };
		808E1E93979EB635B8F9F4C5 /* Pods_LetsGoPikachuHelperTests.framework */ = {isa = PBXFileReference; explicitFileType = wrapper.framework; includeInIndex = 0; path = Pods_LetsGoPikachuHelperTests.framework; sourceTree = BUILT_PRODUCTS_DIR; };
		9C69E6D7985B1500A8FDA22F /* Pods-LetsGoPikachuHelper.release.xcconfig */ = {isa = PBXFileReference; includeInIndex = 1; lastKnownFileType = text.xcconfig; name = "Pods-LetsGoPikachuHelper.release.xcconfig"; path = "Target Support Files/Pods-LetsGoPikachuHelper/Pods-LetsGoPikachuHelper.release.xcconfig"; sourceTree = "<group>"; };
		A12B7D72B4E9C3994DC60C13 /* Pods_LetsGoPikachuHelper_LetsGoPikachuHelperUITests.framework */ = {isa = PBXFileReference; explicitFileType = wrapper.framework; includeInIndex = 0; path = Pods_LetsGoPikachuHelper_LetsGoPikachuHelperUITests.framework; sourceTree = BUILT_PRODUCTS_DIR; };
		B464C24E89012A4FAD62C57B /* Pods_LetsGoPikachuHelper.framework */ = {isa = PBXFileReference; explicitFileType = wrapper.framework; includeInIndex = 0; path = Pods_LetsGoPikachuHelper.framework; sourceTree = BUILT_PRODUCTS_DIR; };
		BFBCEA5D71D82BD67485BFA4 /* Pods-LetsGoPikachuHelperTests.release.xcconfig */ = {isa = PBXFileReference; includeInIndex = 1; lastKnownFileType = text.xcconfig; name = "Pods-LetsGoPikachuHelperTests.release.xcconfig"; path = "Target Support Files/Pods-LetsGoPikachuHelperTests/Pods-LetsGoPikachuHelperTests.release.xcconfig"; sourceTree = "<group>"; };
		D351AD6D81926D5D5815FC35 /* Pods-LetsGoPikachuHelper.debug.xcconfig */ = {isa = PBXFileReference; includeInIndex = 1; lastKnownFileType = text.xcconfig; name = "Pods-LetsGoPikachuHelper.debug.xcconfig"; path = "Target Support Files/Pods-LetsGoPikachuHelper/Pods-LetsGoPikachuHelper.debug.xcconfig"; sourceTree = "<group>"; };
		EAC7171E140E3CA8E8075488 /* Pods-LetsGoPikachuHelper-LetsGoPikachuHelperUITests.debug.xcconfig */ = {isa = PBXFileReference; includeInIndex = 1; lastKnownFileType = text.xcconfig; name = "Pods-LetsGoPikachuHelper-LetsGoPikachuHelperUITests.debug.xcconfig"; path = "Target Support Files/Pods-LetsGoPikachuHelper-LetsGoPikachuHelperUITests/Pods-LetsGoPikachuHelper-LetsGoPikachuHelperUITests.debug.xcconfig"; sourceTree = "<group>"; };
		EE21A00045AD25A7B955F109 /* Pods-LetsGoPikachuHelper-LetsGoPikachuHelperUITests.release.xcconfig */ = {isa = PBXFileReference; includeInIndex = 1; lastKnownFileType = text.xcconfig; name = "Pods-LetsGoPikachuHelper-LetsGoPikachuHelperUITests.release.xcconfig"; path = "Target Support Files/Pods-LetsGoPikachuHelper-LetsGoPikachuHelperUITests/Pods-LetsGoPikachuHelper-LetsGoPikachuHelperUITests.release.xcconfig"; sourceTree = "<group>"; };
/* End PBXFileReference section */

/* Begin PBXFrameworksBuildPhase section */
		02FCD7D22607EB370008D900 /* Frameworks */ = {
			isa = PBXFrameworksBuildPhase;
			buildActionMask = 2147483647;
			files = (
				44434CEC6F4F1D61969FD7F4 /* Pods_LetsGoPikachuHelper.framework in Frameworks */,
			);
			runOnlyForDeploymentPostprocessing = 0;
		};
		02FCD7E32607EB380008D900 /* Frameworks */ = {
			isa = PBXFrameworksBuildPhase;
			buildActionMask = 2147483647;
			files = (
				2EB6B2A125F37DBAD9648BE3 /* Pods_LetsGoPikachuHelperTests.framework in Frameworks */,
			);
			runOnlyForDeploymentPostprocessing = 0;
		};
		02FCD7EE2607EB380008D900 /* Frameworks */ = {
			isa = PBXFrameworksBuildPhase;
			buildActionMask = 2147483647;
			files = (
				02C2B99840F26121FBF59C68 /* Pods_LetsGoPikachuHelper_LetsGoPikachuHelperUITests.framework in Frameworks */,
			);
			runOnlyForDeploymentPostprocessing = 0;
		};
/* End PBXFrameworksBuildPhase section */

/* Begin PBXGroup section */
		026876BD260AEABA0033CF99 /* ViewModels */ = {
			isa = PBXGroup;
			children = (
				026876BE260AEB380033CF99 /* PokemonListViewModel.swift */,
			);
			path = ViewModels;
			sourceTree = "<group>";
		};
		02FCD7CC2607EB370008D900 = {
			isa = PBXGroup;
			children = (
				02FCD7D72607EB370008D900 /* LetsGoPikachuHelper */,
				02FCD7E92607EB380008D900 /* LetsGoPikachuHelperTests */,
				02FCD7F42607EB380008D900 /* LetsGoPikachuHelperUITests */,
				02FCD7D62607EB370008D900 /* Products */,
				9FF4C2914FFBD9B73CA4448D /* Pods */,
				3EF601B52FD27D7ABA9358CE /* Frameworks */,
			);
			sourceTree = "<group>";
		};
		02FCD7D62607EB370008D900 /* Products */ = {
			isa = PBXGroup;
			children = (
				02FCD7D52607EB370008D900 /* LetsGoPikachuHelper.app */,
				02FCD7E62607EB380008D900 /* LetsGoPikachuHelperTests.xctest */,
				02FCD7F12607EB380008D900 /* LetsGoPikachuHelperUITests.xctest */,
			);
			name = Products;
			sourceTree = "<group>";
		};
		02FCD7D72607EB370008D900 /* LetsGoPikachuHelper */ = {
			isa = PBXGroup;
			children = (
				026876BD260AEABA0033CF99 /* ViewModels */,
				02FCD82C260807440008D900 /* Views */,
				02FCD81E260806020008D900 /* Models */,
				02FCD818260805E40008D900 /* Extensions */,
				02FCD7DE2607EB380008D900 /* Preview Content */,
				02FCD7D82607EB370008D900 /* LetsGoPikachuHelperApp.swift */,
				02FCD7E12607EB380008D900 /* Info.plist */,
				02FCD7DC2607EB380008D900 /* Assets.xcassets */,
			);
			path = LetsGoPikachuHelper;
			sourceTree = "<group>";
		};
		02FCD7DE2607EB380008D900 /* Preview Content */ = {
			isa = PBXGroup;
			children = (
				02FCD7DF2607EB380008D900 /* Preview Assets.xcassets */,
			);
			path = "Preview Content";
			sourceTree = "<group>";
		};
		02FCD7E92607EB380008D900 /* LetsGoPikachuHelperTests */ = {
			isa = PBXGroup;
			children = (
				02FCD7EA2607EB380008D900 /* LetsGoPikachuHelperTests.swift */,
				02FCD7EC2607EB380008D900 /* Info.plist */,
			);
			path = LetsGoPikachuHelperTests;
			sourceTree = "<group>";
		};
		02FCD7F42607EB380008D900 /* LetsGoPikachuHelperUITests */ = {
			isa = PBXGroup;
			children = (
				02FCD7F52607EB380008D900 /* LetsGoPikachuHelperUITests.swift */,
				02FCD7F72607EB380008D900 /* Info.plist */,
			);
			path = LetsGoPikachuHelperUITests;
			sourceTree = "<group>";
		};
		02FCD818260805E40008D900 /* Extensions */ = {
			isa = PBXGroup;
			children = (
				02FCD819260805E40008D900 /* Array+Safe.swift */,
			);
			path = Extensions;
			sourceTree = "<group>";
		};
		02FCD81E260806020008D900 /* Models */ = {
			isa = PBXGroup;
			children = (
				02FCD81F260806020008D900 /* PokemonType.swift */,
				02FCD820260806020008D900 /* PokemonSpeaker.swift */,
				02FCD821260806020008D900 /* BattleAdvice.swift */,
				02FCD822260806020008D900 /* Pokemon.swift */,
				02FCD823260806020008D900 /* PokemonBattleAdvisor.swift */,
			);
			path = Models;
			sourceTree = "<group>";
		};
		02FCD82C260807440008D900 /* Views */ = {
			isa = PBXGroup;
			children = (
				02FCD7DA2607EB370008D900 /* PokemonGridView.swift */,
				02FCD8302608089E0008D900 /* PokemonDetailView.swift */,
			);
			path = Views;
			sourceTree = "<group>";
		};
		3EF601B52FD27D7ABA9358CE /* Frameworks */ = {
			isa = PBXGroup;
			children = (
				B464C24E89012A4FAD62C57B /* Pods_LetsGoPikachuHelper.framework */,
				A12B7D72B4E9C3994DC60C13 /* Pods_LetsGoPikachuHelper_LetsGoPikachuHelperUITests.framework */,
				808E1E93979EB635B8F9F4C5 /* Pods_LetsGoPikachuHelperTests.framework */,
			);
			name = Frameworks;
			sourceTree = "<group>";
		};
		9FF4C2914FFBD9B73CA4448D /* Pods */ = {
			isa = PBXGroup;
			children = (
				D351AD6D81926D5D5815FC35 /* Pods-LetsGoPikachuHelper.debug.xcconfig */,
				9C69E6D7985B1500A8FDA22F /* Pods-LetsGoPikachuHelper.release.xcconfig */,
				EAC7171E140E3CA8E8075488 /* Pods-LetsGoPikachuHelper-LetsGoPikachuHelperUITests.debug.xcconfig */,
				EE21A00045AD25A7B955F109 /* Pods-LetsGoPikachuHelper-LetsGoPikachuHelperUITests.release.xcconfig */,
				4371926AD447EC21CDBE00F7 /* Pods-LetsGoPikachuHelperTests.debug.xcconfig */,
				BFBCEA5D71D82BD67485BFA4 /* Pods-LetsGoPikachuHelperTests.release.xcconfig */,
			);
			name = Pods;
			path = Pods;
			sourceTree = "<group>";
		};
/* End PBXGroup section */

/* Begin PBXNativeTarget section */
		02FCD7D42607EB370008D900 /* LetsGoPikachuHelper */ = {
			isa = PBXNativeTarget;
			buildConfigurationList = 02FCD7FA2607EB380008D900 /* Build configuration list for PBXNativeTarget "LetsGoPikachuHelper" */;
			buildPhases = (
				FCD8F529773B83D5B7FDC032 /* [CP] Check Pods Manifest.lock */,
				02FCD7D12607EB370008D900 /* Sources */,
				02FCD7D22607EB370008D900 /* Frameworks */,
				02FCD7D32607EB370008D900 /* Resources */,
			);
			buildRules = (
			);
			dependencies = (
			);
			name = LetsGoPikachuHelper;
			productName = LetsGoPikachuHelper;
			productReference = 02FCD7D52607EB370008D900 /* LetsGoPikachuHelper.app */;
			productType = "com.apple.product-type.application";
		};
		02FCD7E52607EB380008D900 /* LetsGoPikachuHelperTests */ = {
			isa = PBXNativeTarget;
			buildConfigurationList = 02FCD7FD2607EB380008D900 /* Build configuration list for PBXNativeTarget "LetsGoPikachuHelperTests" */;
			buildPhases = (
				77D08A221DBE8306A0F7542E /* [CP] Check Pods Manifest.lock */,
				02FCD7E22607EB380008D900 /* Sources */,
				02FCD7E32607EB380008D900 /* Frameworks */,
				02FCD7E42607EB380008D900 /* Resources */,
				76DA3D76AADA2618F651035C /* [CP] Embed Pods Frameworks */,
			);
			buildRules = (
			);
			dependencies = (
				02FCD7E82607EB380008D900 /* PBXTargetDependency */,
			);
			name = LetsGoPikachuHelperTests;
			productName = LetsGoPikachuHelperTests;
			productReference = 02FCD7E62607EB380008D900 /* LetsGoPikachuHelperTests.xctest */;
			productType = "com.apple.product-type.bundle.unit-test";
		};
		02FCD7F02607EB380008D900 /* LetsGoPikachuHelperUITests */ = {
			isa = PBXNativeTarget;
			buildConfigurationList = 02FCD8002607EB380008D900 /* Build configuration list for PBXNativeTarget "LetsGoPikachuHelperUITests" */;
			buildPhases = (
				32041C6A8583BE9D9BC9F6B9 /* [CP] Check Pods Manifest.lock */,
				02FCD7ED2607EB380008D900 /* Sources */,
				02FCD7EE2607EB380008D900 /* Frameworks */,
				02FCD7EF2607EB380008D900 /* Resources */,
			);
			buildRules = (
			);
			dependencies = (
				02FCD7F32607EB380008D900 /* PBXTargetDependency */,
			);
			name = LetsGoPikachuHelperUITests;
			productName = LetsGoPikachuHelperUITests;
			productReference = 02FCD7F12607EB380008D900 /* LetsGoPikachuHelperUITests.xctest */;
			productType = "com.apple.product-type.bundle.ui-testing";
		};
/* End PBXNativeTarget section */

/* Begin PBXProject section */
		02FCD7CD2607EB370008D900 /* Project object */ = {
			isa = PBXProject;
			attributes = {
				LastSwiftUpdateCheck = 1240;
				LastUpgradeCheck = 1240;
				TargetAttributes = {
					02FCD7D42607EB370008D900 = {
						CreatedOnToolsVersion = 12.4;
					};
					02FCD7E52607EB380008D900 = {
						CreatedOnToolsVersion = 12.4;
						TestTargetID = 02FCD7D42607EB370008D900;
					};
					02FCD7F02607EB380008D900 = {
						CreatedOnToolsVersion = 12.4;
						TestTargetID = 02FCD7D42607EB370008D900;
					};
				};
			};
			buildConfigurationList = 02FCD7D02607EB370008D900 /* Build configuration list for PBXProject "LetsGoPikachuHelper" */;
			compatibilityVersion = "Xcode 9.3";
			developmentRegion = en;
			hasScannedForEncodings = 0;
			knownRegions = (
				en,
				Base,
			);
			mainGroup = 02FCD7CC2607EB370008D900;
			productRefGroup = 02FCD7D62607EB370008D900 /* Products */;
			projectDirPath = "";
			projectRoot = "";
			targets = (
				02FCD7D42607EB370008D900 /* LetsGoPikachuHelper */,
				02FCD7E52607EB380008D900 /* LetsGoPikachuHelperTests */,
				02FCD7F02607EB380008D900 /* LetsGoPikachuHelperUITests */,
			);
		};
/* End PBXProject section */

/* Begin PBXResourcesBuildPhase section */
		02FCD7D32607EB370008D900 /* Resources */ = {
			isa = PBXResourcesBuildPhase;
			buildActionMask = 2147483647;
			files = (
				02FCD7E02607EB380008D900 /* Preview Assets.xcassets in Resources */,
				02FCD7DD2607EB380008D900 /* Assets.xcassets in Resources */,
			);
			runOnlyForDeploymentPostprocessing = 0;
		};
		02FCD7E42607EB380008D900 /* Resources */ = {
			isa = PBXResourcesBuildPhase;
			buildActionMask = 2147483647;
			files = (
			);
			runOnlyForDeploymentPostprocessing = 0;
		};
		02FCD7EF2607EB380008D900 /* Resources */ = {
			isa = PBXResourcesBuildPhase;
			buildActionMask = 2147483647;
			files = (
			);
			runOnlyForDeploymentPostprocessing = 0;
		};
/* End PBXResourcesBuildPhase section */

/* Begin PBXShellScriptBuildPhase section */
		32041C6A8583BE9D9BC9F6B9 /* [CP] Check Pods Manifest.lock */ = {
			isa = PBXShellScriptBuildPhase;
			buildActionMask = 2147483647;
			files = (
			);
			inputFileListPaths = (
			);
			inputPaths = (
				"${PODS_PODFILE_DIR_PATH}/Podfile.lock",
				"${PODS_ROOT}/Manifest.lock",
			);
			name = "[CP] Check Pods Manifest.lock";
			outputFileListPaths = (
			);
			outputPaths = (
				"$(DERIVED_FILE_DIR)/Pods-LetsGoPikachuHelper-LetsGoPikachuHelperUITests-checkManifestLockResult.txt",
			);
			runOnlyForDeploymentPostprocessing = 0;
			shellPath = /bin/sh;
			shellScript = "diff \"${PODS_PODFILE_DIR_PATH}/Podfile.lock\" \"${PODS_ROOT}/Manifest.lock\" > /dev/null\nif [ $? != 0 ] ; then\n    # print error to STDERR\n    echo \"error: The sandbox is not in sync with the Podfile.lock. Run 'pod install' or update your CocoaPods installation.\" >&2\n    exit 1\nfi\n# This output is used by Xcode 'outputs' to avoid re-running this script phase.\necho \"SUCCESS\" > \"${SCRIPT_OUTPUT_FILE_0}\"\n";
			showEnvVarsInLog = 0;
		};
		76DA3D76AADA2618F651035C /* [CP] Embed Pods Frameworks */ = {
			isa = PBXShellScriptBuildPhase;
			buildActionMask = 2147483647;
			files = (
			);
			inputFileListPaths = (
				"${PODS_ROOT}/Target Support Files/Pods-LetsGoPikachuHelperTests/Pods-LetsGoPikachuHelperTests-frameworks-${CONFIGURATION}-input-files.xcfilelist",
			);
			name = "[CP] Embed Pods Frameworks";
			outputFileListPaths = (
				"${PODS_ROOT}/Target Support Files/Pods-LetsGoPikachuHelperTests/Pods-LetsGoPikachuHelperTests-frameworks-${CONFIGURATION}-output-files.xcfilelist",
			);
			runOnlyForDeploymentPostprocessing = 0;
			shellPath = /bin/sh;
			shellScript = "\"${PODS_ROOT}/Target Support Files/Pods-LetsGoPikachuHelperTests/Pods-LetsGoPikachuHelperTests-frameworks.sh\"\n";
			showEnvVarsInLog = 0;
		};
		77D08A221DBE8306A0F7542E /* [CP] Check Pods Manifest.lock */ = {
			isa = PBXShellScriptBuildPhase;
			buildActionMask = 2147483647;
			files = (
			);
			inputFileListPaths = (
			);
			inputPaths = (
				"${PODS_PODFILE_DIR_PATH}/Podfile.lock",
				"${PODS_ROOT}/Manifest.lock",
			);
			name = "[CP] Check Pods Manifest.lock";
			outputFileListPaths = (
			);
			outputPaths = (
				"$(DERIVED_FILE_DIR)/Pods-LetsGoPikachuHelperTests-checkManifestLockResult.txt",
			);
			runOnlyForDeploymentPostprocessing = 0;
			shellPath = /bin/sh;
			shellScript = "diff \"${PODS_PODFILE_DIR_PATH}/Podfile.lock\" \"${PODS_ROOT}/Manifest.lock\" > /dev/null\nif [ $? != 0 ] ; then\n    # print error to STDERR\n    echo \"error: The sandbox is not in sync with the Podfile.lock. Run 'pod install' or update your CocoaPods installation.\" >&2\n    exit 1\nfi\n# This output is used by Xcode 'outputs' to avoid re-running this script phase.\necho \"SUCCESS\" > \"${SCRIPT_OUTPUT_FILE_0}\"\n";
			showEnvVarsInLog = 0;
		};
		FCD8F529773B83D5B7FDC032 /* [CP] Check Pods Manifest.lock */ = {
			isa = PBXShellScriptBuildPhase;
			buildActionMask = 2147483647;
			files = (
			);
			inputFileListPaths = (
			);
			inputPaths = (
				"${PODS_PODFILE_DIR_PATH}/Podfile.lock",
				"${PODS_ROOT}/Manifest.lock",
			);
			name = "[CP] Check Pods Manifest.lock";
			outputFileListPaths = (
			);
			outputPaths = (
				"$(DERIVED_FILE_DIR)/Pods-LetsGoPikachuHelper-checkManifestLockResult.txt",
			);
			runOnlyForDeploymentPostprocessing = 0;
			shellPath = /bin/sh;
			shellScript = "diff \"${PODS_PODFILE_DIR_PATH}/Podfile.lock\" \"${PODS_ROOT}/Manifest.lock\" > /dev/null\nif [ $? != 0 ] ; then\n    # print error to STDERR\n    echo \"error: The sandbox is not in sync with the Podfile.lock. Run 'pod install' or update your CocoaPods installation.\" >&2\n    exit 1\nfi\n# This output is used by Xcode 'outputs' to avoid re-running this script phase.\necho \"SUCCESS\" > \"${SCRIPT_OUTPUT_FILE_0}\"\n";
			showEnvVarsInLog = 0;
		};
/* End PBXShellScriptBuildPhase section */

/* Begin PBXSourcesBuildPhase section */
		02FCD7D12607EB370008D900 /* Sources */ = {
			isa = PBXSourcesBuildPhase;
			buildActionMask = 2147483647;
			files = (
				02FCD827260806020008D900 /* Pokemon.swift in Sources */,
				02FCD825260806020008D900 /* PokemonSpeaker.swift in Sources */,
				02FCD8312608089E0008D900 /* PokemonDetailView.swift in Sources */,
				02FCD828260806020008D900 /* PokemonBattleAdvisor.swift in Sources */,
				02FCD826260806020008D900 /* BattleAdvice.swift in Sources */,
				02FCD81A260805E40008D900 /* Array+Safe.swift in Sources */,
				02FCD7DB2607EB370008D900 /* PokemonGridView.swift in Sources */,
				02FCD7D92607EB370008D900 /* LetsGoPikachuHelperApp.swift in Sources */,
				026876BF260AEB380033CF99 /* PokemonListViewModel.swift in Sources */,
				02FCD824260806020008D900 /* PokemonType.swift in Sources */,
			);
			runOnlyForDeploymentPostprocessing = 0;
		};
		02FCD7E22607EB380008D900 /* Sources */ = {
			isa = PBXSourcesBuildPhase;
			buildActionMask = 2147483647;
			files = (
				02FCD7EB2607EB380008D900 /* LetsGoPikachuHelperTests.swift in Sources */,
			);
			runOnlyForDeploymentPostprocessing = 0;
		};
		02FCD7ED2607EB380008D900 /* Sources */ = {
			isa = PBXSourcesBuildPhase;
			buildActionMask = 2147483647;
			files = (
				02FCD7F62607EB380008D900 /* LetsGoPikachuHelperUITests.swift in Sources */,
			);
			runOnlyForDeploymentPostprocessing = 0;
		};
/* End PBXSourcesBuildPhase section */

/* Begin PBXTargetDependency section */
		02FCD7E82607EB380008D900 /* PBXTargetDependency */ = {
			isa = PBXTargetDependency;
			target = 02FCD7D42607EB370008D900 /* LetsGoPikachuHelper */;
			targetProxy = 02FCD7E72607EB380008D900 /* PBXContainerItemProxy */;
		};
		02FCD7F32607EB380008D900 /* PBXTargetDependency */ = {
			isa = PBXTargetDependency;
			target = 02FCD7D42607EB370008D900 /* LetsGoPikachuHelper */;
			targetProxy = 02FCD7F22607EB380008D900 /* PBXContainerItemProxy */;
		};
/* End PBXTargetDependency section */

/* Begin XCBuildConfiguration section */
		02FCD7F82607EB380008D900 /* Debug */ = {
			isa = XCBuildConfiguration;
			buildSettings = {
				ALWAYS_SEARCH_USER_PATHS = NO;
				CLANG_ANALYZER_NONNULL = YES;
				CLANG_ANALYZER_NUMBER_OBJECT_CONVERSION = YES_AGGRESSIVE;
				CLANG_CXX_LANGUAGE_STANDARD = "gnu++14";
				CLANG_CXX_LIBRARY = "libc++";
				CLANG_ENABLE_MODULES = YES;
				CLANG_ENABLE_OBJC_ARC = YES;
				CLANG_ENABLE_OBJC_WEAK = YES;
				CLANG_WARN_BLOCK_CAPTURE_AUTORELEASING = YES;
				CLANG_WARN_BOOL_CONVERSION = YES;
				CLANG_WARN_COMMA = YES;
				CLANG_WARN_CONSTANT_CONVERSION = YES;
				CLANG_WARN_DEPRECATED_OBJC_IMPLEMENTATIONS = YES;
				CLANG_WARN_DIRECT_OBJC_ISA_USAGE = YES_ERROR;
				CLANG_WARN_DOCUMENTATION_COMMENTS = YES;
				CLANG_WARN_EMPTY_BODY = YES;
				CLANG_WARN_ENUM_CONVERSION = YES;
				CLANG_WARN_INFINITE_RECURSION = YES;
				CLANG_WARN_INT_CONVERSION = YES;
				CLANG_WARN_NON_LITERAL_NULL_CONVERSION = YES;
				CLANG_WARN_OBJC_IMPLICIT_RETAIN_SELF = YES;
				CLANG_WARN_OBJC_LITERAL_CONVERSION = YES;
				CLANG_WARN_OBJC_ROOT_CLASS = YES_ERROR;
				CLANG_WARN_QUOTED_INCLUDE_IN_FRAMEWORK_HEADER = YES;
				CLANG_WARN_RANGE_LOOP_ANALYSIS = YES;
				CLANG_WARN_STRICT_PROTOTYPES = YES;
				CLANG_WARN_SUSPICIOUS_MOVE = YES;
				CLANG_WARN_UNGUARDED_AVAILABILITY = YES_AGGRESSIVE;
				CLANG_WARN_UNREACHABLE_CODE = YES;
				CLANG_WARN__DUPLICATE_METHOD_MATCH = YES;
				COPY_PHASE_STRIP = NO;
				DEBUG_INFORMATION_FORMAT = dwarf;
				ENABLE_STRICT_OBJC_MSGSEND = YES;
				ENABLE_TESTABILITY = YES;
				GCC_C_LANGUAGE_STANDARD = gnu11;
				GCC_DYNAMIC_NO_PIC = NO;
				GCC_NO_COMMON_BLOCKS = YES;
				GCC_OPTIMIZATION_LEVEL = 0;
				GCC_PREPROCESSOR_DEFINITIONS = (
					"DEBUG=1",
					"$(inherited)",
				);
				GCC_WARN_64_TO_32_BIT_CONVERSION = YES;
				GCC_WARN_ABOUT_RETURN_TYPE = YES_ERROR;
				GCC_WARN_UNDECLARED_SELECTOR = YES;
				GCC_WARN_UNINITIALIZED_AUTOS = YES_AGGRESSIVE;
				GCC_WARN_UNUSED_FUNCTION = YES;
				GCC_WARN_UNUSED_VARIABLE = YES;
				IPHONEOS_DEPLOYMENT_TARGET = 14.4;
				MTL_ENABLE_DEBUG_INFO = INCLUDE_SOURCE;
				MTL_FAST_MATH = YES;
				ONLY_ACTIVE_ARCH = YES;
				SDKROOT = iphoneos;
				SWIFT_ACTIVE_COMPILATION_CONDITIONS = DEBUG;
				SWIFT_OPTIMIZATION_LEVEL = "-Onone";
			};
			name = Debug;
		};
		02FCD7F92607EB380008D900 /* Release */ = {
			isa = XCBuildConfiguration;
			buildSettings = {
				ALWAYS_SEARCH_USER_PATHS = NO;
				CLANG_ANALYZER_NONNULL = YES;
				CLANG_ANALYZER_NUMBER_OBJECT_CONVERSION = YES_AGGRESSIVE;
				CLANG_CXX_LANGUAGE_STANDARD = "gnu++14";
				CLANG_CXX_LIBRARY = "libc++";
				CLANG_ENABLE_MODULES = YES;
				CLANG_ENABLE_OBJC_ARC = YES;
				CLANG_ENABLE_OBJC_WEAK = YES;
				CLANG_WARN_BLOCK_CAPTURE_AUTORELEASING = YES;
				CLANG_WARN_BOOL_CONVERSION = YES;
				CLANG_WARN_COMMA = YES;
				CLANG_WARN_CONSTANT_CONVERSION = YES;
				CLANG_WARN_DEPRECATED_OBJC_IMPLEMENTATIONS = YES;
				CLANG_WARN_DIRECT_OBJC_ISA_USAGE = YES_ERROR;
				CLANG_WARN_DOCUMENTATION_COMMENTS = YES;
				CLANG_WARN_EMPTY_BODY = YES;
				CLANG_WARN_ENUM_CONVERSION = YES;
				CLANG_WARN_INFINITE_RECURSION = YES;
				CLANG_WARN_INT_CONVERSION = YES;
				CLANG_WARN_NON_LITERAL_NULL_CONVERSION = YES;
				CLANG_WARN_OBJC_IMPLICIT_RETAIN_SELF = YES;
				CLANG_WARN_OBJC_LITERAL_CONVERSION = YES;
				CLANG_WARN_OBJC_ROOT_CLASS = YES_ERROR;
				CLANG_WARN_QUOTED_INCLUDE_IN_FRAMEWORK_HEADER = YES;
				CLANG_WARN_RANGE_LOOP_ANALYSIS = YES;
				CLANG_WARN_STRICT_PROTOTYPES = YES;
				CLANG_WARN_SUSPICIOUS_MOVE = YES;
				CLANG_WARN_UNGUARDED_AVAILABILITY = YES_AGGRESSIVE;
				CLANG_WARN_UNREACHABLE_CODE = YES;
				CLANG_WARN__DUPLICATE_METHOD_MATCH = YES;
				COPY_PHASE_STRIP = NO;
				DEBUG_INFORMATION_FORMAT = "dwarf-with-dsym";
				ENABLE_NS_ASSERTIONS = NO;
				ENABLE_STRICT_OBJC_MSGSEND = YES;
				GCC_C_LANGUAGE_STANDARD = gnu11;
				GCC_NO_COMMON_BLOCKS = YES;
				GCC_WARN_64_TO_32_BIT_CONVERSION = YES;
				GCC_WARN_ABOUT_RETURN_TYPE = YES_ERROR;
				GCC_WARN_UNDECLARED_SELECTOR = YES;
				GCC_WARN_UNINITIALIZED_AUTOS = YES_AGGRESSIVE;
				GCC_WARN_UNUSED_FUNCTION = YES;
				GCC_WARN_UNUSED_VARIABLE = YES;
				IPHONEOS_DEPLOYMENT_TARGET = 14.4;
				MTL_ENABLE_DEBUG_INFO = NO;
				MTL_FAST_MATH = YES;
				SDKROOT = iphoneos;
				SWIFT_COMPILATION_MODE = wholemodule;
				SWIFT_OPTIMIZATION_LEVEL = "-O";
				VALIDATE_PRODUCT = YES;
			};
			name = Release;
		};
		02FCD7FB2607EB380008D900 /* Debug */ = {
			isa = XCBuildConfiguration;
			baseConfigurationReference = D351AD6D81926D5D5815FC35 /* Pods-LetsGoPikachuHelper.debug.xcconfig */;
			buildSettings = {
				ASSETCATALOG_COMPILER_APPICON_NAME = AppIcon;
				ASSETCATALOG_COMPILER_GLOBAL_ACCENT_COLOR_NAME = AccentColor;
				CODE_SIGN_STYLE = Automatic;
				DEVELOPMENT_ASSET_PATHS = "\"LetsGoPikachuHelper/Preview Content\"";
				DEVELOPMENT_TEAM = 8MW535NRK9;
				ENABLE_PREVIEWS = YES;
				INFOPLIST_FILE = LetsGoPikachuHelper/Info.plist;
				IPHONEOS_DEPLOYMENT_TARGET = 14.0;
				LD_RUNPATH_SEARCH_PATHS = (
					"$(inherited)",
					"@executable_path/Frameworks",
				);
				PRODUCT_BUNDLE_IDENTIFIER = design.fluidvision.LetsGoPikachuHelper;
				PRODUCT_NAME = "$(TARGET_NAME)";
				SWIFT_VERSION = 5.0;
				TARGETED_DEVICE_FAMILY = "1,2";
			};
			name = Debug;
		};
		02FCD7FC2607EB380008D900 /* Release */ = {
			isa = XCBuildConfiguration;
			baseConfigurationReference = 9C69E6D7985B1500A8FDA22F /* Pods-LetsGoPikachuHelper.release.xcconfig */;
			buildSettings = {
				ASSETCATALOG_COMPILER_APPICON_NAME = AppIcon;
				ASSETCATALOG_COMPILER_GLOBAL_ACCENT_COLOR_NAME = AccentColor;
				CODE_SIGN_STYLE = Automatic;
				DEVELOPMENT_ASSET_PATHS = "\"LetsGoPikachuHelper/Preview Content\"";
				DEVELOPMENT_TEAM = 8MW535NRK9;
				ENABLE_PREVIEWS = YES;
				INFOPLIST_FILE = LetsGoPikachuHelper/Info.plist;
				IPHONEOS_DEPLOYMENT_TARGET = 14.0;
				LD_RUNPATH_SEARCH_PATHS = (
					"$(inherited)",
					"@executable_path/Frameworks",
				);
				PRODUCT_BUNDLE_IDENTIFIER = design.fluidvision.LetsGoPikachuHelper;
				PRODUCT_NAME = "$(TARGET_NAME)";
				SWIFT_VERSION = 5.0;
				TARGETED_DEVICE_FAMILY = "1,2";
			};
			name = Release;
		};
		02FCD7FE2607EB380008D900 /* Debug */ = {
			isa = XCBuildConfiguration;
			baseConfigurationReference = 4371926AD447EC21CDBE00F7 /* Pods-LetsGoPikachuHelperTests.debug.xcconfig */;
			buildSettings = {
				ALWAYS_EMBED_SWIFT_STANDARD_LIBRARIES = YES;
				BUNDLE_LOADER = "$(TEST_HOST)";
				CODE_SIGN_STYLE = Automatic;
				DEVELOPMENT_TEAM = 8MW535NRK9;
				INFOPLIST_FILE = LetsGoPikachuHelperTests/Info.plist;
				IPHONEOS_DEPLOYMENT_TARGET = 14.0;
				LD_RUNPATH_SEARCH_PATHS = (
					"$(inherited)",
					"@executable_path/Frameworks",
					"@loader_path/Frameworks",
				);
				PRODUCT_BUNDLE_IDENTIFIER = design.fluidvision.LetsGoPikachuHelperTests;
				PRODUCT_NAME = "$(TARGET_NAME)";
				SWIFT_VERSION = 5.0;
				TARGETED_DEVICE_FAMILY = "1,2";
				TEST_HOST = "$(BUILT_PRODUCTS_DIR)/LetsGoPikachuHelper.app/LetsGoPikachuHelper";
			};
			name = Debug;
		};
		02FCD7FF2607EB380008D900 /* Release */ = {
			isa = XCBuildConfiguration;
			baseConfigurationReference = BFBCEA5D71D82BD67485BFA4 /* Pods-LetsGoPikachuHelperTests.release.xcconfig */;
			buildSettings = {
				ALWAYS_EMBED_SWIFT_STANDARD_LIBRARIES = YES;
				BUNDLE_LOADER = "$(TEST_HOST)";
				CODE_SIGN_STYLE = Automatic;
				DEVELOPMENT_TEAM = 8MW535NRK9;
				INFOPLIST_FILE = LetsGoPikachuHelperTests/Info.plist;
				IPHONEOS_DEPLOYMENT_TARGET = 14.0;
				LD_RUNPATH_SEARCH_PATHS = (
					"$(inherited)",
					"@executable_path/Frameworks",
					"@loader_path/Frameworks",
				);
				PRODUCT_BUNDLE_IDENTIFIER = design.fluidvision.LetsGoPikachuHelperTests;
				PRODUCT_NAME = "$(TARGET_NAME)";
				SWIFT_VERSION = 5.0;
				TARGETED_DEVICE_FAMILY = "1,2";
				TEST_HOST = "$(BUILT_PRODUCTS_DIR)/LetsGoPikachuHelper.app/LetsGoPikachuHelper";
			};
			name = Release;
		};
		02FCD8012607EB380008D900 /* Debug */ = {
			isa = XCBuildConfiguration;
			baseConfigurationReference = EAC7171E140E3CA8E8075488 /* Pods-LetsGoPikachuHelper-LetsGoPikachuHelperUITests.debug.xcconfig */;
			buildSettings = {
				ALWAYS_EMBED_SWIFT_STANDARD_LIBRARIES = YES;
				CODE_SIGN_STYLE = Automatic;
				DEVELOPMENT_TEAM = 8MW535NRK9;
				INFOPLIST_FILE = LetsGoPikachuHelperUITests/Info.plist;
				LD_RUNPATH_SEARCH_PATHS = (
					"$(inherited)",
					"@executable_path/Frameworks",
					"@loader_path/Frameworks",
				);
				PRODUCT_BUNDLE_IDENTIFIER = design.fluidvision.LetsGoPikachuHelperUITests;
				PRODUCT_NAME = "$(TARGET_NAME)";
				SWIFT_VERSION = 5.0;
				TARGETED_DEVICE_FAMILY = "1,2";
				TEST_TARGET_NAME = LetsGoPikachuHelper;
			};
			name = Debug;
		};
		02FCD8022607EB380008D900 /* Release */ = {
			isa = XCBuildConfiguration;
			baseConfigurationReference = EE21A00045AD25A7B955F109 /* Pods-LetsGoPikachuHelper-LetsGoPikachuHelperUITests.release.xcconfig */;
			buildSettings = {
				ALWAYS_EMBED_SWIFT_STANDARD_LIBRARIES = YES;
				CODE_SIGN_STYLE = Automatic;
				DEVELOPMENT_TEAM = 8MW535NRK9;
				INFOPLIST_FILE = LetsGoPikachuHelperUITests/Info.plist;
				LD_RUNPATH_SEARCH_PATHS = (
					"$(inherited)",
					"@executable_path/Frameworks",
					"@loader_path/Frameworks",
				);
				PRODUCT_BUNDLE_IDENTIFIER = design.fluidvision.LetsGoPikachuHelperUITests;
				PRODUCT_NAME = "$(TARGET_NAME)";
				SWIFT_VERSION = 5.0;
				TARGETED_DEVICE_FAMILY = "1,2";
				TEST_TARGET_NAME = LetsGoPikachuHelper;
			};
			name = Release;
		};
/* End XCBuildConfiguration section */

/* Begin XCConfigurationList section */
		02FCD7D02607EB370008D900 /* Build configuration list for PBXProject "LetsGoPikachuHelper" */ = {
			isa = XCConfigurationList;
			buildConfigurations = (
				02FCD7F82607EB380008D900 /* Debug */,
				02FCD7F92607EB380008D900 /* Release */,
			);
			defaultConfigurationIsVisible = 0;
			defaultConfigurationName = Release;
		};
		02FCD7FA2607EB380008D900 /* Build configuration list for PBXNativeTarget "LetsGoPikachuHelper" */ = {
			isa = XCConfigurationList;
			buildConfigurations = (
				02FCD7FB2607EB380008D900 /* Debug */,
				02FCD7FC2607EB380008D900 /* Release */,
			);
			defaultConfigurationIsVisible = 0;
			defaultConfigurationName = Release;
		};
		02FCD7FD2607EB380008D900 /* Build configuration list for PBXNativeTarget "LetsGoPikachuHelperTests" */ = {
			isa = XCConfigurationList;
			buildConfigurations = (
				02FCD7FE2607EB380008D900 /* Debug */,
				02FCD7FF2607EB380008D900 /* Release */,
			);
			defaultConfigurationIsVisible = 0;
			defaultConfigurationName = Release;
		};
		02FCD8002607EB380008D900 /* Build configuration list for PBXNativeTarget "LetsGoPikachuHelperUITests" */ = {
			isa = XCConfigurationList;
			buildConfigurations = (
				02FCD8012607EB380008D900 /* Debug */,
				02FCD8022607EB380008D900 /* Release */,
			);
			defaultConfigurationIsVisible = 0;
			defaultConfigurationName = Release;
		};
/* End XCConfigurationList section */
	};
	rootObject = 02FCD7CD2607EB370008D900 /* Project object */;
}
